<Solution>
  <Project Path="Vladify.AdminApi/Vladify.AdminApi.csproj" />
  <Project Path="Vladify.Application/Vladify.Application.csproj" Id="91352d45-6799-492d-80cb-8366649844a4" />
  <Project Path="Vladify.Domain/Vladify.Domain.csproj" Id="6de0fedd-2ac0-4517-86fa-ef7d60b05dfb" />
  <Project Path="Vladify.Infrastructure/Vladify.Infrastructure.csproj" Id="74a66022-a9ee-4a71-8ffe-b0641c33748c" />
</Solution>
